// !$*UTF8*$!
{
	archiveVersion = 1;
	classes = {
	};
	objectVersion = 56;
	objects = {

/* Begin PBXBuildFile section */
		A4EDED572F567CEE008A7348 /* MWDATCore in Frameworks */ = {isa = PBXBuildFile; productRef = BPKG0001 /* MWDATCore */; };
		A4EDED582F567CEE008A7348 /* MWDATCamera in Frameworks */ = {isa = PBXBuildFile; productRef = BPKG0002 /* MWDATCamera */; };
		A4EDED592F567CEE008A7348 /* MWDATMockDevice in Frameworks */ = {isa = PBXBuildFile; productRef = BPKG0003 /* MWDATMockDevice */; };
		B1000001 /* HandControllerApp.swift in Sources */ = {isa = PBXBuildFile; fileRef = B2000001 /* HandControllerApp.swift */; };
		B1000002 /* HandLandmark.swift in Sources */ = {isa = PBXBuildFile; fileRef = B2000002 /* HandLandmark.swift */; };
		B1000003 /* GestureEvent.swift in Sources */ = {isa = PBXBuildFile; fileRef = B2000003 /* GestureEvent.swift */; };
		B1000004 /* HandPoseDetector.swift in Sources */ = {isa = PBXBuildFile; fileRef = B2000004 /* HandPoseDetector.swift */; };
		B1000005 /* GestureClassifier.swift in Sources */ = {isa = PBXBuildFile; fileRef = B2000005 /* GestureClassifier.swift */; };
		B1000006 /* HomeCenterClient.swift in Sources */ = {isa = PBXBuildFile; fileRef = B2000006 /* HomeCenterClient.swift */; };
		B1000007 /* WearablesViewModel.swift in Sources */ = {isa = PBXBuildFile; fileRef = B2000007 /* WearablesViewModel.swift */; };
		B1000008 /* StreamViewModel.swift in Sources */ = {isa = PBXBuildFile; fileRef = B2000008 /* StreamViewModel.swift */; };
		B1000009 /* ConnectionView.swift in Sources */ = {isa = PBXBuildFile; fileRef = B2000009 /* ConnectionView.swift */; };
		B1000010 /* StreamingView.swift in Sources */ = {isa = PBXBuildFile; fileRef = B2000010 /* StreamingView.swift */; };
		B1000011 /* HandOverlayView.swift in Sources */ = {isa = PBXBuildFile; fileRef = B2000011 /* HandOverlayView.swift */; };
		B1000012 /* DebugPanelView.swift in Sources */ = {isa = PBXBuildFile; fileRef = B2000012 /* DebugPanelView.swift */; };
		B1000013 /* NonStreamView.swift in Sources */ = {isa = PBXBuildFile; fileRef = B2000013 /* NonStreamView.swift */; };
		B1000014 /* MockDeviceMenuView.swift in Sources */ = {isa = PBXBuildFile; fileRef = B2000014 /* MockDeviceMenuView.swift */; };
		B1000020 /* Assets.xcassets in Resources */ = {isa = PBXBuildFile; fileRef = B2000020 /* Assets.xcassets */; };
/* End PBXBuildFile section */

/* Begin PBXFileReference section */
		B2000001 /* HandControllerApp.swift */ = {isa = PBXFileReference; lastKnownFileType = sourcecode.swift; path = HandControllerApp.swift; sourceTree = "<group>"; };
		B2000002 /* HandLandmark.swift */ = {isa = PBXFileReference; lastKnownFileType = sourcecode.swift; path = HandLandmark.swift; sourceTree = "<group>"; };
		B2000003 /* GestureEvent.swift */ = {isa = PBXFileReference; lastKnownFileType = sourcecode.swift; path = GestureEvent.swift; sourceTree = "<group>"; };
		B2000004 /* HandPoseDetector.swift */ = {isa = PBXFileReference; lastKnownFileType = sourcecode.swift; path = HandPoseDetector.swift; sourceTree = "<group>"; };
		B2000005 /* GestureClassifier.swift */ = {isa = PBXFileReference; lastKnownFileType = sourcecode.swift; path = GestureClassifier.swift; sourceTree = "<group>"; };
		B2000006 /* HomeCenterClient.swift */ = {isa = PBXFileReference; lastKnownFileType = sourcecode.swift; path = HomeCenterClient.swift; sourceTree = "<group>"; };
		B2000007 /* WearablesViewModel.swift */ = {isa = PBXFileReference; lastKnownFileType = sourcecode.swift; path = WearablesViewModel.swift; sourceTree = "<group>"; };
		B2000008 /* StreamViewModel.swift */ = {isa = PBXFileReference; lastKnownFileType = sourcecode.swift; path = StreamViewModel.swift; sourceTree = "<group>"; };
		B2000009 /* ConnectionView.swift */ = {isa = PBXFileReference; lastKnownFileType = sourcecode.swift; path = ConnectionView.swift; sourceTree = "<group>"; };
		B2000010 /* StreamingView.swift */ = {isa = PBXFileReference; lastKnownFileType = sourcecode.swift; path = StreamingView.swift; sourceTree = "<group>"; };
		B2000011 /* HandOverlayView.swift */ = {isa = PBXFileReference; lastKnownFileType = sourcecode.swift; path = HandOverlayView.swift; sourceTree = "<group>"; };
		B2000012 /* DebugPanelView.swift */ = {isa = PBXFileReference; lastKnownFileType = sourcecode.swift; path = DebugPanelView.swift; sourceTree = "<group>"; };
		B2000013 /* NonStreamView.swift */ = {isa = PBXFileReference; lastKnownFileType = sourcecode.swift; path = NonStreamView.swift; sourceTree = "<group>"; };
		B2000014 /* MockDeviceMenuView.swift */ = {isa = PBXFileReference; lastKnownFileType = sourcecode.swift; path = MockDeviceMenuView.swift; sourceTree = "<group>"; };
		B2000020 /* Assets.xcassets */ = {isa = PBXFileReference; lastKnownFileType = folder.assetcatalog; path = Assets.xcassets; sourceTree = "<group>"; };
		B2000021 /* Info.plist */ = {isa = PBXFileReference; lastKnownFileType = text.plist.xml; path = Info.plist; sourceTree = "<group>"; };
		B2000022 /* HandController.entitlements */ = {isa = PBXFileReference; lastKnownFileType = text.plist.entitlements; path = HandController.entitlements; sourceTree = "<group>"; };
		B3000001 /* HandController.app */ = {isa = PBXFileReference; explicitFileType = wrapper.application; includeInIndex = 0; path = HandController.app; sourceTree = BUILT_PRODUCTS_DIR; };
/* End PBXFileReference section */

/* Begin PBXFrameworksBuildPhase section */
		B4000001 /* Frameworks */ = {
			isa = PBXFrameworksBuildPhase;
			buildActionMask = 2147483647;
			files = (
				A4EDED592F567CEE008A7348 /* MWDATMockDevice in Frameworks */,
				A4EDED582F567CEE008A7348 /* MWDATCamera in Frameworks */,
				A4EDED572F567CEE008A7348 /* MWDATCore in Frameworks */,
			);
			runOnlyForDeploymentPostprocessing = 0;
		};
/* End PBXFrameworksBuildPhase section */

/* Begin PBXGroup section */
		B5000001 = {
			isa = PBXGroup;
			children = (
				B5000002 /* HandController */,
				B5000007 /* Products */,
			);
			sourceTree = "<group>";
		};
		B5000002 /* HandController */ = {
			isa = PBXGroup;
			children = (
				B2000001 /* HandControllerApp.swift */,
				B5000003 /* Models */,
				B5000004 /* Services */,
				B5000005 /* ViewModels */,
				B5000006 /* Views */,
				B2000020 /* Assets.xcassets */,
				B2000021 /* Info.plist */,
				B2000022 /* HandController.entitlements */,
			);
			path = HandController;
			sourceTree = "<group>";
		};
		B5000003 /* Models */ = {
			isa = PBXGroup;
			children = (
				B2000002 /* HandLandmark.swift */,
				B2000003 /* GestureEvent.swift */,
			);
			path = Models;
			sourceTree = "<group>";
		};
		B5000004 /* Services */ = {
			isa = PBXGroup;
			children = (
				B2000004 /* HandPoseDetector.swift */,
				B2000005 /* GestureClassifier.swift */,
				B2000006 /* HomeCenterClient.swift */,
			);
			path = Services;
			sourceTree = "<group>";
		};
		B5000005 /* ViewModels */ = {
			isa = PBXGroup;
			children = (
				B2000007 /* WearablesViewModel.swift */,
				B2000008 /* StreamViewModel.swift */,
			);
			path = ViewModels;
			sourceTree = "<group>";
		};
		B5000006 /* Views */ = {
			isa = PBXGroup;
			children = (
				B2000009 /* ConnectionView.swift */,
				B2000010 /* StreamingView.swift */,
				B2000011 /* HandOverlayView.swift */,
				B2000012 /* DebugPanelView.swift */,
				B2000013 /* NonStreamView.swift */,
				B2000014 /* MockDeviceMenuView.swift */,
			);
			path = Views;
			sourceTree = "<group>";
		};
		B5000007 /* Products */ = {
			isa = PBXGroup;
			children = (
				B3000001 /* HandController.app */,
			);
			name = Products;
			sourceTree = "<group>";
		};
/* End PBXGroup section */

/* Begin PBXNativeTarget section */
		B6000001 /* HandController */ = {
			isa = PBXNativeTarget;
			buildConfigurationList = B8000003 /* Build configuration list for PBXNativeTarget "HandController" */;
			buildPhases = (
				B7000001 /* Sources */,
				B4000001 /* Frameworks */,
				B7000002 /* Resources */,
			);
			buildRules = (
			);
			dependencies = (
			);
			name = HandController;
			packageProductDependencies = (
				BPKG0001 /* MWDATCore */,
				BPKG0002 /* MWDATCamera */,
				BPKG0003 /* MWDATMockDevice */,
			);
			productName = HandController;
			productReference = B3000001 /* HandController.app */;
			productType = "com.apple.product-type.application";
		};
/* End PBXNativeTarget section */

/* Begin PBXProject section */
		B9000001 /* Project object */ = {
			isa = PBXProject;
			attributes = {
				BuildIndependentTargetsInParallel = 1;
				LastSwiftUpdateCheck = 1500;
				LastUpgradeCheck = 1500;
				TargetAttributes = {
					B6000001 = {
						CreatedOnToolsVersion = 15.0;
					};
				};
			};
			buildConfigurationList = B8000001 /* Build configuration list for PBXProject "HandController" */;
			compatibilityVersion = "Xcode 14.0";
			developmentRegion = en;
			hasScannedForEncodings = 0;
			knownRegions = (
				en,
				Base,
			);
			mainGroup = B5000001;
			packageReferences = (
				BPKGREF1 /* XCRemoteSwiftPackageReference "meta-wearables-dat-ios" */,
			);
			productRefGroup = B5000007 /* Products */;
			projectDirPath = "";
			projectRoot = "";
			targets = (
				B6000001 /* HandController */,
			);
		};
/* End PBXProject section */

/* Begin PBXResourcesBuildPhase section */
		B7000002 /* Resources */ = {
			isa = PBXResourcesBuildPhase;
			buildActionMask = 2147483647;
			files = (
				B1000020 /* Assets.xcassets in Resources */,
			);
			runOnlyForDeploymentPostprocessing = 0;
		};
/* End PBXResourcesBuildPhase section */

/* Begin PBXSourcesBuildPhase section */
		B7000001 /* Sources */ = {
			isa = PBXSourcesBuildPhase;
			buildActionMask = 2147483647;
			files = (
				B1000001 /* HandControllerApp.swift in Sources */,
				B1000002 /* HandLandmark.swift in Sources */,
				B1000003 /* GestureEvent.swift in Sources */,
				B1000004 /* HandPoseDetector.swift in Sources */,
				B1000005 /* GestureClassifier.swift in Sources */,
				B1000006 /* HomeCenterClient.swift in Sources */,
				B1000007 /* WearablesViewModel.swift in Sources */,
				B1000008 /* StreamViewModel.swift in Sources */,
				B1000009 /* ConnectionView.swift in Sources */,
				B1000010 /* StreamingView.swift in Sources */,
				B1000011 /* HandOverlayView.swift in Sources */,
				B1000012 /* DebugPanelView.swift in Sources */,
				B1000013 /* NonStreamView.swift in Sources */,
				B1000014 /* MockDeviceMenuView.swift in Sources */,
			);
			runOnlyForDeploymentPostprocessing = 0;
		};
/* End PBXSourcesBuildPhase section */

/* Begin XCBuildConfiguration section */
		B8000004 /* Debug */ = {
			isa = XCBuildConfiguration;
			buildSettings = {
				ALWAYS_SEARCH_USER_PATHS = NO;
				ASSETCATALOG_COMPILER_GENERATE_SWIFT_ASSET_SYMBOL_EXTENSIONS = YES;
				CLANG_ANALYZER_NONNULL = YES;
				CLANG_ANALYZER_NUMBER_OBJECT_CONVERSION = YES_AGGRESSIVE;
				CLANG_CXX_LANGUAGE_STANDARD = "gnu++20";
				CLANG_ENABLE_MODULES = YES;
				CLANG_ENABLE_OBJC_ARC = YES;
				CLANG_ENABLE_OBJC_WEAK = YES;
				CLANG_WARN_BLOCK_CAPTURE_AUTORELEASING = YES;
				CLANG_WARN_BOOL_CONVERSION = YES;
				CLANG_WARN_COMMA = YES;
				CLANG_WARN_CONSTANT_CONVERSION = YES;
				CLANG_WARN_DEPRECATED_OBJC_IMPLEMENTATIONS = YES;
				CLANG_WARN_DIRECT_OBJC_ISA_USAGE = YES_ERROR;
				CLANG_WARN_DOCUMENTATION_COMMENTS = YES;
				CLANG_WARN_EMPTY_BODY = YES;
				CLANG_WARN_ENUM_CONVERSION = YES;
				CLANG_WARN_INFINITE_RECURSION = YES;
				CLANG_WARN_INT_CONVERSION = YES;
				CLANG_WARN_NON_LITERAL_NULL_CONVERSION = YES;
				CLANG_WARN_OBJC_IMPLICIT_RETAIN_SELF = YES;
				CLANG_WARN_OBJC_LITERAL_CONVERSION = YES;
				CLANG_WARN_OBJC_ROOT_CLASS = YES_ERROR;
				CLANG_WARN_QUOTED_INCLUDE_IN_FRAMEWORK_HEADER = YES;
				CLANG_WARN_RANGE_LOOP_ANALYSIS = YES;
				CLANG_WARN_STRICT_PROTOTYPES = YES;
				CLANG_WARN_SUSPICIOUS_MOVE = YES;
				CLANG_WARN_UNGUARDED_AVAILABILITY = YES_AGGRESSIVE;
				CLANG_WARN_UNREACHABLE_CODE = YES;
				CLANG_WARN__DUPLICATE_METHOD_MATCH = YES;
				COPY_PHASE_STRIP = NO;
				DEBUG_INFORMATION_FORMAT = dwarf;
				ENABLE_STRICT_OBJC_MSGSEND = YES;
				ENABLE_TESTABILITY = YES;
				ENABLE_USER_SCRIPT_SANDBOXING = YES;
				GCC_C_LANGUAGE_STANDARD = gnu17;
				GCC_DYNAMIC_NO_PIC = NO;
				GCC_NO_COMMON_BLOCKS = YES;
				GCC_OPTIMIZATION_LEVEL = 0;
				GCC_PREPROCESSOR_DEFINITIONS = (
					"DEBUG=1",
					"$(inherited)",
				);
				GCC_WARN_64_TO_32_BIT_CONVERSION = YES;
				GCC_WARN_ABOUT_RETURN_TYPE = YES_ERROR;
				GCC_WARN_UNDECLARED_SELECTOR = YES;
				GCC_WARN_UNINITIALIZED_AUTOS = YES_AGGRESSIVE;
				GCC_WARN_UNUSED_FUNCTION = YES;
				GCC_WARN_UNUSED_VARIABLE = YES;
				IPHONEOS_DEPLOYMENT_TARGET = 17.0;
				MTL_ENABLE_DEBUG_INFO = INCLUDE_SOURCE;
				MTL_FAST_MATH = YES;
				ONLY_ACTIVE_ARCH = YES;
				SDKROOT = iphoneos;
				SWIFT_ACTIVE_COMPILATION_CONDITIONS = "DEBUG $(inherited)";
				SWIFT_OPTIMIZATION_LEVEL = "-Onone";
			};
			name = Debug;
		};
		B8000005 /* Release */ = {
			isa = XCBuildConfiguration;
			buildSettings = {
				ALWAYS_SEARCH_USER_PATHS = NO;
				ASSETCATALOG_COMPILER_GENERATE_SWIFT_ASSET_SYMBOL_EXTENSIONS = YES;
				CLANG_ANALYZER_NONNULL = YES;
				CLANG_ANALYZER_NUMBER_OBJECT_CONVERSION = YES_AGGRESSIVE;
				CLANG_CXX_LANGUAGE_STANDARD = "gnu++20";
				CLANG_ENABLE_MODULES = YES;
				CLANG_ENABLE_OBJC_ARC = YES;
				CLANG_ENABLE_OBJC_WEAK = YES;
				CLANG_WARN_BLOCK_CAPTURE_AUTORELEASING = YES;
				CLANG_WARN_BOOL_CONVERSION = YES;
				CLANG_WARN_COMMA = YES;
				CLANG_WARN_CONSTANT_CONVERSION = YES;
				CLANG_WARN_DEPRECATED_OBJC_IMPLEMENTATIONS = YES;
				CLANG_WARN_DIRECT_OBJC_ISA_USAGE = YES_ERROR;
				CLANG_WARN_DOCUMENTATION_COMMENTS = YES;
				CLANG_WARN_EMPTY_BODY = YES;
				CLANG_WARN_ENUM_CONVERSION = YES;
				CLANG_WARN_INFINITE_RECURSION = YES;
				CLANG_WARN_INT_CONVERSION = YES;
				CLANG_WARN_NON_LITERAL_NULL_CONVERSION = YES;
				CLANG_WARN_OBJC_IMPLICIT_RETAIN_SELF = YES;
				CLANG_WARN_OBJC_LITERAL_CONVERSION = YES;
				CLANG_WARN_OBJC_ROOT_CLASS = YES_ERROR;
				CLANG_WARN_QUOTED_INCLUDE_IN_FRAMEWORK_HEADER = YES;
				CLANG_WARN_RANGE_LOOP_ANALYSIS = YES;
				CLANG_WARN_STRICT_PROTOTYPES = YES;
				CLANG_WARN_SUSPICIOUS_MOVE = YES;
				CLANG_WARN_UNGUARDED_AVAILABILITY = YES_AGGRESSIVE;
				CLANG_WARN_UNREACHABLE_CODE = YES;
				CLANG_WARN__DUPLICATE_METHOD_MATCH = YES;
				COPY_PHASE_STRIP = NO;
				DEBUG_INFORMATION_FORMAT = "dwarf-with-dsym";
				ENABLE_NS_ASSERTIONS = NO;
				ENABLE_STRICT_OBJC_MSGSEND = YES;
				ENABLE_USER_SCRIPT_SANDBOXING = YES;
				GCC_C_LANGUAGE_STANDARD = gnu17;
				GCC_NO_COMMON_BLOCKS = YES;
				GCC_WARN_64_TO_32_BIT_CONVERSION = YES;
				GCC_WARN_ABOUT_RETURN_TYPE = YES_ERROR;
				GCC_WARN_UNDECLARED_SELECTOR = YES;
				GCC_WARN_UNINITIALIZED_AUTOS = YES_AGGRESSIVE;
				GCC_WARN_UNUSED_FUNCTION = YES;
				GCC_WARN_UNUSED_VARIABLE = YES;
				IPHONEOS_DEPLOYMENT_TARGET = 17.0;
				MTL_ENABLE_DEBUG_INFO = NO;
				MTL_FAST_MATH = YES;
				SDKROOT = iphoneos;
				SWIFT_COMPILATION_MODE = wholemodule;
				VALIDATE_PRODUCT = YES;
			};
			name = Release;
		};
		B8000006 /* Debug */ = {
			isa = XCBuildConfiguration;
			buildSettings = {
				ASSETCATALOG_COMPILER_APPICON_NAME = AppIcon;
				ASSETCATALOG_COMPILER_GLOBAL_ACCENT_COLOR_NAME = AccentColor;
				CLIENT_TOKEN = "AR|1417923890069897|6c2e54f51fc06c691742f706c1d72691";
				CODE_SIGN_ENTITLEMENTS = HandController/HandController.entitlements;
				CODE_SIGN_STYLE = Automatic;
				CURRENT_PROJECT_VERSION = 1;
				DEVELOPMENT_TEAM = N5VRMZ822C;
				GENERATE_INFOPLIST_FILE = YES;
				INFOPLIST_FILE = HandController/Info.plist;
				INFOPLIST_KEY_NSBluetoothAlwaysUsageDescription = "HandController needs Bluetooth to connect to Meta AI Glasses.";
				INFOPLIST_KEY_UIApplicationSceneManifest_Generation = YES;
				INFOPLIST_KEY_UIApplicationSupportsIndirectInputEvents = YES;
				INFOPLIST_KEY_UILaunchScreen_Generation = YES;
				INFOPLIST_KEY_UISupportedInterfaceOrientations_iPad = "UIInterfaceOrientationPortrait UIInterfaceOrientationPortraitUpsideDown UIInterfaceOrientationLandscapeLeft UIInterfaceOrientationLandscapeRight";
				INFOPLIST_KEY_UISupportedInterfaceOrientations_iPhone = "UIInterfaceOrientationPortrait UIInterfaceOrientationLandscapeLeft UIInterfaceOrientationLandscapeRight";
				LD_RUNPATH_SEARCH_PATHS = (
					"$(inherited)",
					"@executable_path/Frameworks",
				);
				MARKETING_VERSION = 1.0;
				META_APP_ID = 1417923890069897;
				PRODUCT_BUNDLE_IDENTIFIER = com.handcontroller.app;
				PRODUCT_NAME = "$(TARGET_NAME)";
				SWIFT_EMIT_LOC_STRINGS = YES;
				SWIFT_VERSION = 5.0;
				TARGETED_DEVICE_FAMILY = "1,2";
			};
			name = Debug;
		};
		B8000007 /* Release */ = {
			isa = XCBuildConfiguration;
			buildSettings = {
				ASSETCATALOG_COMPILER_APPICON_NAME = AppIcon;
				ASSETCATALOG_COMPILER_GLOBAL_ACCENT_COLOR_NAME = AccentColor;
				CLIENT_TOKEN = "AR|1417923890069897|6c2e54f51fc06c691742f706c1d72691";
				CODE_SIGN_ENTITLEMENTS = HandController/HandController.entitlements;
				CODE_SIGN_STYLE = Automatic;
				CURRENT_PROJECT_VERSION = 1;
				DEVELOPMENT_TEAM = N5VRMZ822C;
				GENERATE_INFOPLIST_FILE = YES;
				INFOPLIST_FILE = HandController/Info.plist;
				INFOPLIST_KEY_NSBluetoothAlwaysUsageDescription = "HandController needs Bluetooth to connect to Meta AI Glasses.";
				INFOPLIST_KEY_UIApplicationSceneManifest_Generation = YES;
				INFOPLIST_KEY_UIApplicationSupportsIndirectInputEvents = YES;
				INFOPLIST_KEY_UILaunchScreen_Generation = YES;
				INFOPLIST_KEY_UISupportedInterfaceOrientations_iPad = "UIInterfaceOrientationPortrait UIInterfaceOrientationPortraitUpsideDown UIInterfaceOrientationLandscapeLeft UIInterfaceOrientationLandscapeRight";
				INFOPLIST_KEY_UISupportedInterfaceOrientations_iPhone = "UIInterfaceOrientationPortrait UIInterfaceOrientationLandscapeLeft UIInterfaceOrientationLandscapeRight";
				LD_RUNPATH_SEARCH_PATHS = (
					"$(inherited)",
					"@executable_path/Frameworks",
				);
				MARKETING_VERSION = 1.0;
				META_APP_ID = 1417923890069897;
				PRODUCT_BUNDLE_IDENTIFIER = com.handcontroller.app;
				PRODUCT_NAME = "$(TARGET_NAME)";
				SWIFT_EMIT_LOC_STRINGS = YES;
				SWIFT_VERSION = 5.0;
				TARGETED_DEVICE_FAMILY = "1,2";
			};
			name = Release;
		};
/* End XCBuildConfiguration section */

/* Begin XCConfigurationList section */
		B8000001 /* Build configuration list for PBXProject "HandController" */ = {
			isa = XCConfigurationList;
			buildConfigurations = (
				B8000004 /* Debug */,
				B8000005 /* Release */,
			);
			defaultConfigurationIsVisible = 0;
			defaultConfigurationName = Release;
		};
		B8000003 /* Build configuration list for PBXNativeTarget "HandController" */ = {
			isa = XCConfigurationList;
			buildConfigurations = (
				B8000006 /* Debug */,
				B8000007 /* Release */,
			);
			defaultConfigurationIsVisible = 0;
			defaultConfigurationName = Release;
		};
/* End XCConfigurationList section */

/* Begin XCRemoteSwiftPackageReference section */
		BPKGREF1 /* XCRemoteSwiftPackageReference "meta-wearables-dat-ios" */ = {
			isa = XCRemoteSwiftPackageReference;
			repositoryURL = "https://github.com/facebook/meta-wearables-dat-ios";
			requirement = {
				kind = upToNextMajorVersion;
				minimumVersion = 0.4.0;
			};
		};
/* End XCRemoteSwiftPackageReference section */

/* Begin XCSwiftPackageProductDependency section */
		BPKG0001 /* MWDATCore */ = {
			isa = XCSwiftPackageProductDependency;
			package = BPKGREF1 /* XCRemoteSwiftPackageReference "meta-wearables-dat-ios" */;
			productName = MWDATCore;
		};
		BPKG0002 /* MWDATCamera */ = {
			isa = XCSwiftPackageProductDependency;
			package = BPKGREF1 /* XCRemoteSwiftPackageReference "meta-wearables-dat-ios" */;
			productName = MWDATCamera;
		};
		BPKG0003 /* MWDATMockDevice */ = {
			isa = XCSwiftPackageProductDependency;
			package = BPKGREF1 /* XCRemoteSwiftPackageReference "meta-wearables-dat-ios" */;
			productName = MWDATMockDevice;
		};
/* End XCSwiftPackageProductDependency section */
	};
	rootObject = B9000001 /* Project object */;
}
